
Microsoft Visual Studio Solution File, Format Version 12.00
# Visual Studio Version 17
VisualStudioVersion = 17.2.32630.192
MinimumVisualStudioVersion = 10.0.40219.1
Project("{FAE04EC0-301F-11D3-BF4B-00C04F79EFBC}") = "MiniGamev2", "MiniGamev2\MiniGamev2.csproj", "{6238F26E-D5E3-4EBC-91A1-D962F271689A}"
EndProject
Global
	GlobalSection(SolutionConfigurationPlatforms) = preSolution
		Debug|Any CPU = Debug|Any CPU
		Release|Any CPU = Release|Any CPU
	EndGlobalSection
	GlobalSection(ProjectConfigurationPlatforms) = postSolution
		{6238F26E-D5E3-4EBC-91A1-D962F271689A}.Debug|Any CPU.ActiveCfg = Debug|Any CPU
		{6238F26E-D5E3-4EBC-91A1-D962F271689A}.Debug|Any CPU.Build.0 = Debug|Any CPU
		{6238F26E-D5E3-4EBC-91A1-D962F271689A}.Release|Any CPU.ActiveCfg = Release|Any CPU
		{6238F26E-D5E3-4EBC-91A1-D962F271689A}.Release|Any CPU.Build.0 = Release|Any CPU
	EndGlobalSection
	GlobalSection(SolutionProperties) = preSolution
		HideSolutionNode = FALSE
	EndGlobalSection
	GlobalSection(ExtensibilityGlobals) = postSolution
		SolutionGuid = {FDC5FCA0-0399-4B05-B012-B629AA6E388A}
	EndGlobalSection
EndGlobal
